
Microsoft Visual Studio Solution File, Format Version 12.00
# Visual Studio 15
VisualStudioVersion = 15.0.26124.0
MinimumVisualStudioVersion = 15.0.26124.0
Project("{FAE04EC0-301F-11D3-BF4B-00C04F79EFBC}") = "Chromadream.Deletterboxer.Console", "Chromadream.Deletterboxer.Console\Chromadream.Deletterboxer.Console.csproj", "{A27406B4-4F3C-4A70-A172-2E80DBE0A408}"
EndProject
Project("{FAE04EC0-301F-11D3-BF4B-00C04F79EFBC}") = "Chromadream.Deletterboxer.Impl", "Chromadream.Deletterboxer.Impl\Chromadream.Deletterboxer.Impl.csproj", "{AC11BC55-3B87-4716-97ED-2244076F1B2E}"
EndProject
Global
	GlobalSection(SolutionConfigurationPlatforms) = preSolution
		Debug|Any CPU = Debug|Any CPU
		Debug|x64 = Debug|x64
		Debug|x86 = Debug|x86
		Release|Any CPU = Release|Any CPU
		Release|x64 = Release|x64
		Release|x86 = Release|x86
	EndGlobalSection
	GlobalSection(SolutionProperties) = preSolution
		HideSolutionNode = FALSE
	EndGlobalSection
	GlobalSection(ProjectConfigurationPlatforms) = postSolution
		{A27406B4-4F3C-4A70-A172-2E80DBE0A408}.Debug|Any CPU.ActiveCfg = Debug|Any CPU
		{A27406B4-4F3C-4A70-A172-2E80DBE0A408}.Debug|Any CPU.Build.0 = Debug|Any CPU
		{A27406B4-4F3C-4A70-A172-2E80DBE0A408}.Debug|x64.ActiveCfg = Debug|Any CPU
		{A27406B4-4F3C-4A70-A172-2E80DBE0A408}.Debug|x64.Build.0 = Debug|Any CPU
		{A27406B4-4F3C-4A70-A172-2E80DBE0A408}.Debug|x86.ActiveCfg = Debug|Any CPU
		{A27406B4-4F3C-4A70-A172-2E80DBE0A408}.Debug|x86.Build.0 = Debug|Any CPU
		{A27406B4-4F3C-4A70-A172-2E80DBE0A408}.Release|Any CPU.ActiveCfg = Release|Any CPU
		{A27406B4-4F3C-4A70-A172-2E80DBE0A408}.Release|Any CPU.Build.0 = Release|Any CPU
		{A27406B4-4F3C-4A70-A172-2E80DBE0A408}.Release|x64.ActiveCfg = Release|Any CPU
		{A27406B4-4F3C-4A70-A172-2E80DBE0A408}.Release|x64.Build.0 = Release|Any CPU
		{A27406B4-4F3C-4A70-A172-2E80DBE0A408}.Release|x86.ActiveCfg = Release|Any CPU
		{A27406B4-4F3C-4A70-A172-2E80DBE0A408}.Release|x86.Build.0 = Release|Any CPU
		{AC11BC55-3B87-4716-97ED-2244076F1B2E}.Debug|Any CPU.ActiveCfg = Debug|Any CPU
		{AC11BC55-3B87-4716-97ED-2244076F1B2E}.Debug|Any CPU.Build.0 = Debug|Any CPU
		{AC11BC55-3B87-4716-97ED-2244076F1B2E}.Debug|x64.ActiveCfg = Debug|Any CPU
		{AC11BC55-3B87-4716-97ED-2244076F1B2E}.Debug|x64.Build.0 = Debug|Any CPU
		{AC11BC55-3B87-4716-97ED-2244076F1B2E}.Debug|x86.ActiveCfg = Debug|Any CPU
		{AC11BC55-3B87-4716-97ED-2244076F1B2E}.Debug|x86.Build.0 = Debug|Any CPU
		{AC11BC55-3B87-4716-97ED-2244076F1B2E}.Release|Any CPU.ActiveCfg = Release|Any CPU
		{AC11BC55-3B87-4716-97ED-2244076F1B2E}.Release|Any CPU.Build.0 = Release|Any CPU
		{AC11BC55-3B87-4716-97ED-2244076F1B2E}.Release|x64.ActiveCfg = Release|Any CPU
		{AC11BC55-3B87-4716-97ED-2244076F1B2E}.Release|x64.Build.0 = Release|Any CPU
		{AC11BC55-3B87-4716-97ED-2244076F1B2E}.Release|x86.ActiveCfg = Release|Any CPU
		{AC11BC55-3B87-4716-97ED-2244076F1B2E}.Release|x86.Build.0 = Release|Any CPU
	EndGlobalSection
EndGlobal
